
Microsoft Visual Studio Solution File, Format Version 12.00
# Visual Studio 15
VisualStudioVersion = 15.0.26430.12
MinimumVisualStudioVersion = 10.0.40219.1
Project("{2150E333-8FDC-42A3-9474-1A3956D46DE8}") = "Solution items", "Solution items", "{7664A776-FBC4-4DB1-BE35-29E9664E24B4}"
	ProjectSection(SolutionItems) = preProject
		.gitignore = .gitignore
		LICENSE = LICENSE
		README.md = README.md
		settings.yaml = settings.yaml
	EndProjectSection
EndProject
Project("{9A19103F-16F7-4668-BE54-9A1E7A4F7556}") = "Lykke.Service.B2c2Adapter.Tests", "tests\Lykke.Service.B2c2Adapter.Tests\Lykke.Service.B2c2Adapter.Tests.csproj", "{A61FFDEE-5725-4650-A788-6E55EE5EFD5B}"
EndProject
Project("{9A19103F-16F7-4668-BE54-9A1E7A4F7556}") = "Lykke.Service.B2c2Adapter", "src\Lykke.Service.B2c2Adapter\Lykke.Service.B2c2Adapter.csproj", "{E414FDB9-FEEA-4CD0-9BBA-D1541601DF29}"
EndProject
Project("{9A19103F-16F7-4668-BE54-9A1E7A4F7556}") = "Lykke.B2c2Client", "Lykke.B2c2Client\Lykke.B2c2Client.csproj", "{A573E4F6-1C72-48E7-81CE-F4E8D1CEFF5E}"
EndProject
Global
	GlobalSection(SolutionConfigurationPlatforms) = preSolution
		Debug|Any CPU = Debug|Any CPU
		Release|Any CPU = Release|Any CPU
	EndGlobalSection
	GlobalSection(ProjectConfigurationPlatforms) = postSolution
		{A61FFDEE-5725-4650-A788-6E55EE5EFD5B}.Debug|Any CPU.ActiveCfg = Debug|Any CPU
		{A61FFDEE-5725-4650-A788-6E55EE5EFD5B}.Release|Any CPU.ActiveCfg = Release|Any CPU
		{A61FFDEE-5725-4650-A788-6E55EE5EFD5B}.Release|Any CPU.Build.0 = Release|Any CPU
		{E414FDB9-FEEA-4CD0-9BBA-D1541601DF29}.Debug|Any CPU.ActiveCfg = Debug|Any CPU
		{E414FDB9-FEEA-4CD0-9BBA-D1541601DF29}.Debug|Any CPU.Build.0 = Debug|Any CPU
		{E414FDB9-FEEA-4CD0-9BBA-D1541601DF29}.Release|Any CPU.ActiveCfg = Release|Any CPU
		{E414FDB9-FEEA-4CD0-9BBA-D1541601DF29}.Release|Any CPU.Build.0 = Release|Any CPU
		{A573E4F6-1C72-48E7-81CE-F4E8D1CEFF5E}.Debug|Any CPU.ActiveCfg = Debug|Any CPU
		{A573E4F6-1C72-48E7-81CE-F4E8D1CEFF5E}.Debug|Any CPU.Build.0 = Debug|Any CPU
		{A573E4F6-1C72-48E7-81CE-F4E8D1CEFF5E}.Release|Any CPU.ActiveCfg = Release|Any CPU
		{A573E4F6-1C72-48E7-81CE-F4E8D1CEFF5E}.Release|Any CPU.Build.0 = Release|Any CPU
	EndGlobalSection
	GlobalSection(SolutionProperties) = preSolution
		HideSolutionNode = FALSE
	EndGlobalSection
	GlobalSection(ExtensibilityGlobals) = postSolution
		SolutionGuid = {EB6C0EF4-AA6A-444D-8603-3669F73A58BC}
	EndGlobalSection
EndGlobal
